
Microsoft Visual Studio Solution File, Format Version 12.00
# Visual Studio Version 17
VisualStudioVersion = 17.8.34408.163
MinimumVisualStudioVersion = 10.0.40219.1
Project("{FAE04EC0-301F-11D3-BF4B-00C04F79EFBC}") = "Reverse1DLL", "Reverse1DLL.csproj", "{0DB338CF-67CF-4119-9206-2B2127381AFD}"
EndProject
Global
	GlobalSection(SolutionConfigurationPlatforms) = preSolution
		Debug|Any CPU = Debug|Any CPU
		Release|Any CPU = Release|Any CPU
	EndGlobalSection
	GlobalSection(ProjectConfigurationPlatforms) = postSolution
		{0DB338CF-67CF-4119-9206-2B2127381AFD}.Debug|Any CPU.ActiveCfg = Debug|Any CPU
		{0DB338CF-67CF-4119-9206-2B2127381AFD}.Debug|Any CPU.Build.0 = Debug|Any CPU
		{0DB338CF-67CF-4119-9206-2B2127381AFD}.Release|Any CPU.ActiveCfg = Release|Any CPU
		{0DB338CF-67CF-4119-9206-2B2127381AFD}.Release|Any CPU.Build.0 = Release|Any CPU
	EndGlobalSection
	GlobalSection(SolutionProperties) = preSolution
		HideSolutionNode = FALSE
	EndGlobalSection
	GlobalSection(ExtensibilityGlobals) = postSolution
		SolutionGuid = {418EC317-899E-4EB8-A6FC-46BDA65206F7}
	EndGlobalSection
EndGlobal
