
Microsoft Visual Studio Solution File, Format Version 12.00
# Visual Studio Version 17
VisualStudioVersion = 17.8.34408.163
MinimumVisualStudioVersion = 10.0.40219.1
Project("{FAE04EC0-301F-11D3-BF4B-00C04F79EFBC}") = "functionRecursion", "functionRecursion\functionRecursion.csproj", "{B593D24F-8DEF-431A-91D3-80DDCC77239B}"
EndProject
Global
	GlobalSection(SolutionConfigurationPlatforms) = preSolution
		Debug|Any CPU = Debug|Any CPU
		Release|Any CPU = Release|Any CPU
	EndGlobalSection
	GlobalSection(ProjectConfigurationPlatforms) = postSolution
		{B593D24F-8DEF-431A-91D3-80DDCC77239B}.Debug|Any CPU.ActiveCfg = Debug|Any CPU
		{B593D24F-8DEF-431A-91D3-80DDCC77239B}.Debug|Any CPU.Build.0 = Debug|Any CPU
		{B593D24F-8DEF-431A-91D3-80DDCC77239B}.Release|Any CPU.ActiveCfg = Release|Any CPU
		{B593D24F-8DEF-431A-91D3-80DDCC77239B}.Release|Any CPU.Build.0 = Release|Any CPU
	EndGlobalSection
	GlobalSection(SolutionProperties) = preSolution
		HideSolutionNode = FALSE
	EndGlobalSection
	GlobalSection(ExtensibilityGlobals) = postSolution
		SolutionGuid = {BC33CF1F-D7E2-4649-8E0F-C1703D33EC68}
	EndGlobalSection
EndGlobal
