
Microsoft Visual Studio Solution File, Format Version 12.00
# Visual Studio Version 17
VisualStudioVersion = 17.8.34408.163
MinimumVisualStudioVersion = 10.0.40219.1
Project("{FAE04EC0-301F-11D3-BF4B-00C04F79EFBC}") = "SingleNumber3", "SingleNumber3\SingleNumber3.csproj", "{529210AA-0802-490D-92B7-A558B6E2C434}"
EndProject
Global
	GlobalSection(SolutionConfigurationPlatforms) = preSolution
		Debug|Any CPU = Debug|Any CPU
		Release|Any CPU = Release|Any CPU
	EndGlobalSection
	GlobalSection(ProjectConfigurationPlatforms) = postSolution
		{529210AA-0802-490D-92B7-A558B6E2C434}.Debug|Any CPU.ActiveCfg = Debug|Any CPU
		{529210AA-0802-490D-92B7-A558B6E2C434}.Debug|Any CPU.Build.0 = Debug|Any CPU
		{529210AA-0802-490D-92B7-A558B6E2C434}.Release|Any CPU.ActiveCfg = Release|Any CPU
		{529210AA-0802-490D-92B7-A558B6E2C434}.Release|Any CPU.Build.0 = Release|Any CPU
	EndGlobalSection
	GlobalSection(SolutionProperties) = preSolution
		HideSolutionNode = FALSE
	EndGlobalSection
	GlobalSection(ExtensibilityGlobals) = postSolution
		SolutionGuid = {191AEC74-4FE3-423B-9471-E6E8AF03995F}
	EndGlobalSection
EndGlobal
