
Microsoft Visual Studio Solution File, Format Version 12.00
# Visual Studio Version 17
VisualStudioVersion = 17.8.34408.163
MinimumVisualStudioVersion = 10.0.40219.1
Project("{FAE04EC0-301F-11D3-BF4B-00C04F79EFBC}") = "BellMan-Ford-Algorithm", "BellMan-Ford-Algorithm.csproj", "{03714B69-288B-49DC-8388-C12BBFC6F203}"
EndProject
Global
	GlobalSection(SolutionConfigurationPlatforms) = preSolution
		Debug|Any CPU = Debug|Any CPU
		Release|Any CPU = Release|Any CPU
	EndGlobalSection
	GlobalSection(ProjectConfigurationPlatforms) = postSolution
		{03714B69-288B-49DC-8388-C12BBFC6F203}.Debug|Any CPU.ActiveCfg = Debug|Any CPU
		{03714B69-288B-49DC-8388-C12BBFC6F203}.Debug|Any CPU.Build.0 = Debug|Any CPU
		{03714B69-288B-49DC-8388-C12BBFC6F203}.Release|Any CPU.ActiveCfg = Release|Any CPU
		{03714B69-288B-49DC-8388-C12BBFC6F203}.Release|Any CPU.Build.0 = Release|Any CPU
	EndGlobalSection
	GlobalSection(SolutionProperties) = preSolution
		HideSolutionNode = FALSE
	EndGlobalSection
	GlobalSection(ExtensibilityGlobals) = postSolution
		SolutionGuid = {EC3EFA4A-660C-4FC4-80AB-DA4552F50615}
	EndGlobalSection
EndGlobal
