
Microsoft Visual Studio Solution File, Format Version 12.00
# Visual Studio Version 17
VisualStudioVersion = 17.8.34408.163
MinimumVisualStudioVersion = 10.0.40219.1
Project("{FAE04EC0-301F-11D3-BF4B-00C04F79EFBC}") = "MinimumEffort", "MinimumEffort\MinimumEffort.csproj", "{B7402624-8205-4675-B144-9D73556199B2}"
EndProject
Global
	GlobalSection(SolutionConfigurationPlatforms) = preSolution
		Debug|Any CPU = Debug|Any CPU
		Release|Any CPU = Release|Any CPU
	EndGlobalSection
	GlobalSection(ProjectConfigurationPlatforms) = postSolution
		{B7402624-8205-4675-B144-9D73556199B2}.Debug|Any CPU.ActiveCfg = Debug|Any CPU
		{B7402624-8205-4675-B144-9D73556199B2}.Debug|Any CPU.Build.0 = Debug|Any CPU
		{B7402624-8205-4675-B144-9D73556199B2}.Release|Any CPU.ActiveCfg = Release|Any CPU
		{B7402624-8205-4675-B144-9D73556199B2}.Release|Any CPU.Build.0 = Release|Any CPU
	EndGlobalSection
	GlobalSection(SolutionProperties) = preSolution
		HideSolutionNode = FALSE
	EndGlobalSection
	GlobalSection(ExtensibilityGlobals) = postSolution
		SolutionGuid = {BD2F33F8-9927-4856-9122-109787D09211}
	EndGlobalSection
EndGlobal
