
Microsoft Visual Studio Solution File, Format Version 12.00
# Visual Studio Version 17
VisualStudioVersion = 17.8.34408.163
MinimumVisualStudioVersion = 10.0.40219.1
Project("{FAE04EC0-301F-11D3-BF4B-00C04F79EFBC}") = "Maximum_IN_Minimum_For_Every_Window", "Maximum_IN_Minimum_For_Every_Window.csproj", "{3D1DD5FD-30A0-4AEB-8BAF-C554A0C9D135}"
EndProject
Global
	GlobalSection(SolutionConfigurationPlatforms) = preSolution
		Debug|Any CPU = Debug|Any CPU
		Release|Any CPU = Release|Any CPU
	EndGlobalSection
	GlobalSection(ProjectConfigurationPlatforms) = postSolution
		{3D1DD5FD-30A0-4AEB-8BAF-C554A0C9D135}.Debug|Any CPU.ActiveCfg = Debug|Any CPU
		{3D1DD5FD-30A0-4AEB-8BAF-C554A0C9D135}.Debug|Any CPU.Build.0 = Debug|Any CPU
		{3D1DD5FD-30A0-4AEB-8BAF-C554A0C9D135}.Release|Any CPU.ActiveCfg = Release|Any CPU
		{3D1DD5FD-30A0-4AEB-8BAF-C554A0C9D135}.Release|Any CPU.Build.0 = Release|Any CPU
	EndGlobalSection
	GlobalSection(SolutionProperties) = preSolution
		HideSolutionNode = FALSE
	EndGlobalSection
	GlobalSection(ExtensibilityGlobals) = postSolution
		SolutionGuid = {008F8D13-CCD1-40BD-81B3-AA0282C1EA34}
	EndGlobalSection
EndGlobal
