
Microsoft Visual Studio Solution File, Format Version 12.00
# Visual Studio Version 17
VisualStudioVersion = 17.8.34408.163
MinimumVisualStudioVersion = 10.0.40219.1
Project("{FAE04EC0-301F-11D3-BF4B-00C04F79EFBC}") = "Parking_Lot_System", "Parking_Lot_System\Parking_Lot_System.csproj", "{C31F1947-5E8F-4675-A5E6-3CBB72D7F542}"
EndProject
Global
	GlobalSection(SolutionConfigurationPlatforms) = preSolution
		Debug|Any CPU = Debug|Any CPU
		Release|Any CPU = Release|Any CPU
	EndGlobalSection
	GlobalSection(ProjectConfigurationPlatforms) = postSolution
		{C31F1947-5E8F-4675-A5E6-3CBB72D7F542}.Debug|Any CPU.ActiveCfg = Debug|Any CPU
		{C31F1947-5E8F-4675-A5E6-3CBB72D7F542}.Debug|Any CPU.Build.0 = Debug|Any CPU
		{C31F1947-5E8F-4675-A5E6-3CBB72D7F542}.Release|Any CPU.ActiveCfg = Release|Any CPU
		{C31F1947-5E8F-4675-A5E6-3CBB72D7F542}.Release|Any CPU.Build.0 = Release|Any CPU
	EndGlobalSection
	GlobalSection(SolutionProperties) = preSolution
		HideSolutionNode = FALSE
	EndGlobalSection
	GlobalSection(ExtensibilityGlobals) = postSolution
		SolutionGuid = {0F50E085-EF64-4E73-A542-64B1699A7F65}
	EndGlobalSection
EndGlobal
