
Microsoft Visual Studio Solution File, Format Version 12.00
# Visual Studio Version 17
VisualStudioVersion = 17.8.34408.163
MinimumVisualStudioVersion = 10.0.40219.1
Project("{FAE04EC0-301F-11D3-BF4B-00C04F79EFBC}") = "ExpenseTrackerApp", "ExpenseTrackerApp.csproj", "{11D63C7B-10F9-4028-A9A3-78A6C29B6136}"
EndProject
Project("{2150E333-8FDC-42A3-9474-1A3956D46DE8}") = "Solution Items", "Solution Items", "{ED8397A3-C432-4804-B99D-EC5E51F6A6B0}"
	ProjectSection(SolutionItems) = preProject
		.editorconfig = .editorconfig
	EndProjectSection
EndProject
Global
	GlobalSection(SolutionConfigurationPlatforms) = preSolution
		Debug|Any CPU = Debug|Any CPU
		Release|Any CPU = Release|Any CPU
	EndGlobalSection
	GlobalSection(ProjectConfigurationPlatforms) = postSolution
		{11D63C7B-10F9-4028-A9A3-78A6C29B6136}.Debug|Any CPU.ActiveCfg = Debug|Any CPU
		{11D63C7B-10F9-4028-A9A3-78A6C29B6136}.Debug|Any CPU.Build.0 = Debug|Any CPU
		{11D63C7B-10F9-4028-A9A3-78A6C29B6136}.Release|Any CPU.ActiveCfg = Release|Any CPU
		{11D63C7B-10F9-4028-A9A3-78A6C29B6136}.Release|Any CPU.Build.0 = Release|Any CPU
	EndGlobalSection
	GlobalSection(SolutionProperties) = preSolution
		HideSolutionNode = FALSE
	EndGlobalSection
	GlobalSection(ExtensibilityGlobals) = postSolution
		SolutionGuid = {D612ACD3-1287-496A-98FA-A44DD7DA6291}
	EndGlobalSection
EndGlobal
