
Microsoft Visual Studio Solution File, Format Version 12.00
# Visual Studio Version 17
VisualStudioVersion = 17.8.34408.163
MinimumVisualStudioVersion = 10.0.40219.1
Project("{FAE04EC0-301F-11D3-BF4B-00C04F79EFBC}") = "WordLadder_2", "WordLadder_2.csproj", "{7D9122EC-3C57-48E7-A3E3-ED7A9C323265}"
EndProject
Global
	GlobalSection(SolutionConfigurationPlatforms) = preSolution
		Debug|Any CPU = Debug|Any CPU
		Release|Any CPU = Release|Any CPU
	EndGlobalSection
	GlobalSection(ProjectConfigurationPlatforms) = postSolution
		{7D9122EC-3C57-48E7-A3E3-ED7A9C323265}.Debug|Any CPU.ActiveCfg = Debug|Any CPU
		{7D9122EC-3C57-48E7-A3E3-ED7A9C323265}.Debug|Any CPU.Build.0 = Debug|Any CPU
		{7D9122EC-3C57-48E7-A3E3-ED7A9C323265}.Release|Any CPU.ActiveCfg = Release|Any CPU
		{7D9122EC-3C57-48E7-A3E3-ED7A9C323265}.Release|Any CPU.Build.0 = Release|Any CPU
	EndGlobalSection
	GlobalSection(SolutionProperties) = preSolution
		HideSolutionNode = FALSE
	EndGlobalSection
	GlobalSection(ExtensibilityGlobals) = postSolution
		SolutionGuid = {13CCB628-E8D8-4E0A-BA63-9A2495B9300D}
	EndGlobalSection
EndGlobal
