
Microsoft Visual Studio Solution File, Format Version 12.00
# Visual Studio Version 17
VisualStudioVersion = 17.8.34408.163
MinimumVisualStudioVersion = 10.0.40219.1
Project("{FAE04EC0-301F-11D3-BF4B-00C04F79EFBC}") = "Word_Ladder_1", "Word_Ladder_1\Word_Ladder_1.csproj", "{11145C61-85FF-4C39-9C7A-0E9EDD46195E}"
EndProject
Global
	GlobalSection(SolutionConfigurationPlatforms) = preSolution
		Debug|Any CPU = Debug|Any CPU
		Release|Any CPU = Release|Any CPU
	EndGlobalSection
	GlobalSection(ProjectConfigurationPlatforms) = postSolution
		{11145C61-85FF-4C39-9C7A-0E9EDD46195E}.Debug|Any CPU.ActiveCfg = Debug|Any CPU
		{11145C61-85FF-4C39-9C7A-0E9EDD46195E}.Debug|Any CPU.Build.0 = Debug|Any CPU
		{11145C61-85FF-4C39-9C7A-0E9EDD46195E}.Release|Any CPU.ActiveCfg = Release|Any CPU
		{11145C61-85FF-4C39-9C7A-0E9EDD46195E}.Release|Any CPU.Build.0 = Release|Any CPU
	EndGlobalSection
	GlobalSection(SolutionProperties) = preSolution
		HideSolutionNode = FALSE
	EndGlobalSection
	GlobalSection(ExtensibilityGlobals) = postSolution
		SolutionGuid = {FF882C29-CC8F-4681-B86E-ED08CF05E6C5}
	EndGlobalSection
EndGlobal
